{
  "version": 4,
  "terraform_version": "1.12.0",
  "serial": 12,
  "lineage": "56403487-e229-a1ea-6592-b122d1eaf4ee",
  "outputs": {},
  "resources": [
    {
      "mode": "managed",
      "type": "libvirt_volume",
      "name": "base_volume",
      "provider": "provider[\"registry.terraform.io/dmacvicar/libvirt\"]",
      "instances": [
        {
          "schema_version": 0,
          "attributes": {
            "base_volume_id": null,
            "base_volume_name": null,
            "base_volume_pool": null,
            "format": "qcow2",
            "id": "/var/lib/libvirt/images/fedora41-base",
            "name": "fedora41-base",
            "pool": "default",
            "size": 5368709120,
            "source": "../../../images/Fedora-Cloud-Base-Generic-41-1.4.x86_64.qcow2",
            "xml": []
          },
          "sensitive_attributes": [],
          "identity_schema_version": 0,
          "private": "bnVsbA=="
        }
      ]
    },
    {
      "module": "module.fedora_vms",
      "mode": "data",
      "type": "template_file",
      "name": "cloudinit",
      "provider": "provider[\"registry.terraform.io/hashicorp/template\"]",
      "instances": [
        {
          "schema_version": 0,
          "attributes": {
            "filename": null,
            "id": "c4ba3173c5401c64336d57c6352e0fd4c01ac080c6a41e549fc4d25bda46f23f",
            "rendered": "#cloud-config\nhostname: fedora41-vm\nusers:\n  - name: ahmetsoner\n    sudo: ALL=(ALL) NOPASSWD:ALL\n    groups: wheel\n    shell: /bin/bash\n    ssh_authorized_keys:\n      - ssh-rsa AAAAB3NzaC1yc2EAAAADAQABAAACAQCNjUXz9KAQE7TAZ+jUcw7490QkXQqtpcn6l0+FYonCAwyBI3FluNnoupyyoBpS32P7DLFvP/p6xzxLB7sUAObU0FmCIazAzJnpjlqHu/dnen3DziLC/JZP7FJSzRYRuvE3for/Zg0SUgo81V8QSrBiS0AbhQFDWP5V04qrbaO2CMmkEOXML1zJ9cM0+fDdEVNU5qIGNj6uKC7nelTpDHUu4UocCeINxeoEfcK8JSZrsV587P0muFiooD50n6ymL61k/znSZ+0+AYVXrDjmWMpWiiKbkJNB9wtQLA/OeSrJITVHI4h9EPkRNUqhFkZy3+5aOMXx9WO0ISWWfZcZya0dKPawaeTsJyLvdCEX3pHc7e5PqdTpdAh7zHiPjIWZPti65dmQ0bz87UEwj7bibYmx5/v6k+9xCa0WbZWkl15IFK5KP2mxFYqG/O3cB3Q9TiFkh83qdXLnXDYYNOBnNadrIo10kJmFqYoZ28EWDKi7J9N9JZaAsSWUU7Ckw9gRZu2W4YOlEkh2tM/Ma/32FNHsaFY8+BOFkhYdXt4DOJowal6kdVLwLHSqLAUTN2UoSFzUjA96bIvnDi0Wlrw5KN8b5nzBWf+cdVzX9cH0lBUAe38lnUcfpYcMUE120MwxibeGjqGgArDuHzRhK8XhtpCT+1wzx1pOX7EHFNna/HZj7w== your_email@example.com\n\n",
            "template": "#cloud-config\nhostname: ${hostname}\nusers:\n  - name: ${username}\n    sudo: ALL=(ALL) NOPASSWD:ALL\n    groups: wheel\n    shell: /bin/bash\n    ssh_authorized_keys:\n      - ${ssh_authorized_key}\n",
            "vars": {
              "hostname": "fedora41-vm",
              "ssh_authorized_key": "ssh-rsa AAAAB3NzaC1yc2EAAAADAQABAAACAQCNjUXz9KAQE7TAZ+jUcw7490QkXQqtpcn6l0+FYonCAwyBI3FluNnoupyyoBpS32P7DLFvP/p6xzxLB7sUAObU0FmCIazAzJnpjlqHu/dnen3DziLC/JZP7FJSzRYRuvE3for/Zg0SUgo81V8QSrBiS0AbhQFDWP5V04qrbaO2CMmkEOXML1zJ9cM0+fDdEVNU5qIGNj6uKC7nelTpDHUu4UocCeINxeoEfcK8JSZrsV587P0muFiooD50n6ymL61k/znSZ+0+AYVXrDjmWMpWiiKbkJNB9wtQLA/OeSrJITVHI4h9EPkRNUqhFkZy3+5aOMXx9WO0ISWWfZcZya0dKPawaeTsJyLvdCEX3pHc7e5PqdTpdAh7zHiPjIWZPti65dmQ0bz87UEwj7bibYmx5/v6k+9xCa0WbZWkl15IFK5KP2mxFYqG/O3cB3Q9TiFkh83qdXLnXDYYNOBnNadrIo10kJmFqYoZ28EWDKi7J9N9JZaAsSWUU7Ckw9gRZu2W4YOlEkh2tM/Ma/32FNHsaFY8+BOFkhYdXt4DOJowal6kdVLwLHSqLAUTN2UoSFzUjA96bIvnDi0Wlrw5KN8b5nzBWf+cdVzX9cH0lBUAe38lnUcfpYcMUE120MwxibeGjqGgArDuHzRhK8XhtpCT+1wzx1pOX7EHFNna/HZj7w== your_email@example.com\n",
              "username": "ahmetsoner"
            }
          },
          "sensitive_attributes": [],
          "identity_schema_version": 0
        }
      ]
    },
    {
      "module": "module.fedora_vms",
      "mode": "managed",
      "type": "libvirt_cloudinit_disk",
      "name": "commoninit",
      "provider": "provider[\"registry.terraform.io/dmacvicar/libvirt\"]",
      "instances": [
        {
          "schema_version": 0,
          "attributes": {
            "id": "/var/lib/libvirt/images/commoninit.iso;90165bc9-e884-4621-9507-5f4f2b1c8e79",
            "meta_data": "",
            "name": "commoninit.iso",
            "network_config": "",
            "pool": "default",
            "user_data": "#cloud-config\nhostname: fedora41-vm\nusers:\n  - name: ahmetsoner\n    sudo: ALL=(ALL) NOPASSWD:ALL\n    groups: wheel\n    shell: /bin/bash\n    ssh_authorized_keys:\n      - ssh-rsa AAAAB3NzaC1yc2EAAAADAQABAAACAQCNjUXz9KAQE7TAZ+jUcw7490QkXQqtpcn6l0+FYonCAwyBI3FluNnoupyyoBpS32P7DLFvP/p6xzxLB7sUAObU0FmCIazAzJnpjlqHu/dnen3DziLC/JZP7FJSzRYRuvE3for/Zg0SUgo81V8QSrBiS0AbhQFDWP5V04qrbaO2CMmkEOXML1zJ9cM0+fDdEVNU5qIGNj6uKC7nelTpDHUu4UocCeINxeoEfcK8JSZrsV587P0muFiooD50n6ymL61k/znSZ+0+AYVXrDjmWMpWiiKbkJNB9wtQLA/OeSrJITVHI4h9EPkRNUqhFkZy3+5aOMXx9WO0ISWWfZcZya0dKPawaeTsJyLvdCEX3pHc7e5PqdTpdAh7zHiPjIWZPti65dmQ0bz87UEwj7bibYmx5/v6k+9xCa0WbZWkl15IFK5KP2mxFYqG/O3cB3Q9TiFkh83qdXLnXDYYNOBnNadrIo10kJmFqYoZ28EWDKi7J9N9JZaAsSWUU7Ckw9gRZu2W4YOlEkh2tM/Ma/32FNHsaFY8+BOFkhYdXt4DOJowal6kdVLwLHSqLAUTN2UoSFzUjA96bIvnDi0Wlrw5KN8b5nzBWf+cdVzX9cH0lBUAe38lnUcfpYcMUE120MwxibeGjqGgArDuHzRhK8XhtpCT+1wzx1pOX7EHFNna/HZj7w== your_email@example.com\n\n"
          },
          "sensitive_attributes": [],
          "identity_schema_version": 0,
          "private": "bnVsbA==",
          "dependencies": [
            "module.fedora_vms.data.template_file.cloudinit"
          ]
        }
      ]
    },
    {
      "module": "module.fedora_vms",
      "mode": "managed",
      "type": "libvirt_domain",
      "name": "fedora_vms",
      "provider": "provider[\"registry.terraform.io/dmacvicar/libvirt\"]",
      "instances": [
        {
          "index_key": 0,
          "schema_version": 0,
          "attributes": {
            "arch": "x86_64",
            "autostart": false,
            "boot_device": [
              {
                "dev": [
                  "hd"
                ]
              }
            ],
            "cloudinit": "/var/lib/libvirt/images/commoninit.iso;90165bc9-e884-4621-9507-5f4f2b1c8e79",
            "cmdline": null,
            "console": [
              {
                "source_host": "127.0.0.1",
                "source_path": "",
                "source_service": "0",
                "target_port": "0",
                "target_type": "serial",
                "type": "pty"
              }
            ],
            "coreos_ignition": null,
            "cpu": [
              {
                "mode": "custom"
              }
            ],
            "description": "",
            "disk": [
              {
                "block_device": "",
                "file": "",
                "scsi": false,
                "url": "",
                "volume_id": "/var/lib/libvirt/images/fedora41-vm-volume-0",
                "wwn": ""
              }
            ],
            "emulator": "/usr/bin/qemu-system-x86_64",
            "filesystem": [],
            "firmware": null,
            "fw_cfg_name": "opt/com.coreos/config",
            "graphics": [
              {
                "autoport": true,
                "listen_address": "127.0.0.1",
                "listen_type": "none",
                "type": "spice",
                "websocket": 0
              }
            ],
            "id": "d0fd87d3-4041-47e0-8871-85e5e4562004",
            "initrd": "",
            "kernel": "",
            "machine": "pc",
            "memory": 1024,
            "metadata": null,
            "name": "fedora41-vm-0",
            "network_interface": [
              {
                "addresses": [],
                "bridge": "",
                "hostname": "",
                "mac": "52:54:00:B2:65:FC",
                "macvtap": "",
                "network_id": "4aeba1f5-3228-4f0c-ab7f-807f8607889b",
                "network_name": "default",
                "passthrough": "",
                "vepa": "",
                "wait_for_lease": false
              }
            ],
            "nvram": [],
            "qemu_agent": false,
            "running": true,
            "timeouts": null,
            "tpm": [],
            "type": "kvm",
            "vcpu": 1,
            "video": [],
            "xml": []
          },
          "sensitive_attributes": [],
          "identity_schema_version": 0,
          "private": "eyJlMmJmYjczMC1lY2FhLTExZTYtOGY4OC0zNDM2M2JjN2M0YzAiOnsiY3JlYXRlIjozMDAwMDAwMDAwMDB9fQ==",
          "dependencies": [
            "libvirt_volume.base_volume",
            "module.fedora_vms.data.template_file.cloudinit",
            "module.fedora_vms.libvirt_cloudinit_disk.commoninit",
            "module.fedora_vms.libvirt_volume.vm_volumes"
          ]
        },
        {
          "index_key": 1,
          "schema_version": 0,
          "attributes": {
            "arch": "x86_64",
            "autostart": false,
            "boot_device": [
              {
                "dev": [
                  "hd"
                ]
              }
            ],
            "cloudinit": "/var/lib/libvirt/images/commoninit.iso;90165bc9-e884-4621-9507-5f4f2b1c8e79",
            "cmdline": null,
            "console": [
              {
                "source_host": "127.0.0.1",
                "source_path": "",
                "source_service": "0",
                "target_port": "0",
                "target_type": "serial",
                "type": "pty"
              }
            ],
            "coreos_ignition": null,
            "cpu": [
              {
                "mode": "custom"
              }
            ],
            "description": "",
            "disk": [
              {
                "block_device": "",
                "file": "",
                "scsi": false,
                "url": "",
                "volume_id": "/var/lib/libvirt/images/fedora41-vm-volume-1",
                "wwn": ""
              }
            ],
            "emulator": "/usr/bin/qemu-system-x86_64",
            "filesystem": [],
            "firmware": null,
            "fw_cfg_name": "opt/com.coreos/config",
            "graphics": [
              {
                "autoport": true,
                "listen_address": "127.0.0.1",
                "listen_type": "none",
                "type": "spice",
                "websocket": 0
              }
            ],
            "id": "1d6280af-cb38-4ca7-bd67-8245263351c8",
            "initrd": "",
            "kernel": "",
            "machine": "pc",
            "memory": 1024,
            "metadata": null,
            "name": "fedora41-vm-1",
            "network_interface": [
              {
                "addresses": [],
                "bridge": "",
                "hostname": "",
                "mac": "52:54:00:5E:AE:49",
                "macvtap": "",
                "network_id": "4aeba1f5-3228-4f0c-ab7f-807f8607889b",
                "network_name": "default",
                "passthrough": "",
                "vepa": "",
                "wait_for_lease": false
              }
            ],
            "nvram": [],
            "qemu_agent": false,
            "running": true,
            "timeouts": null,
            "tpm": [],
            "type": "kvm",
            "vcpu": 1,
            "video": [],
            "xml": []
          },
          "sensitive_attributes": [],
          "identity_schema_version": 0,
          "private": "eyJlMmJmYjczMC1lY2FhLTExZTYtOGY4OC0zNDM2M2JjN2M0YzAiOnsiY3JlYXRlIjozMDAwMDAwMDAwMDB9fQ==",
          "dependencies": [
            "libvirt_volume.base_volume",
            "module.fedora_vms.data.template_file.cloudinit",
            "module.fedora_vms.libvirt_cloudinit_disk.commoninit",
            "module.fedora_vms.libvirt_volume.vm_volumes"
          ]
        },
        {
          "index_key": 2,
          "schema_version": 0,
          "attributes": {
            "arch": "x86_64",
            "autostart": false,
            "boot_device": [
              {
                "dev": [
                  "hd"
                ]
              }
            ],
            "cloudinit": "/var/lib/libvirt/images/commoninit.iso;90165bc9-e884-4621-9507-5f4f2b1c8e79",
            "cmdline": null,
            "console": [
              {
                "source_host": "127.0.0.1",
                "source_path": "",
                "source_service": "0",
                "target_port": "0",
                "target_type": "serial",
                "type": "pty"
              }
            ],
            "coreos_ignition": null,
            "cpu": [
              {
                "mode": "custom"
              }
            ],
            "description": "",
            "disk": [
              {
                "block_device": "",
                "file": "",
                "scsi": false,
                "url": "",
                "volume_id": "/var/lib/libvirt/images/fedora41-vm-volume-2",
                "wwn": ""
              }
            ],
            "emulator": "/usr/bin/qemu-system-x86_64",
            "filesystem": [],
            "firmware": null,
            "fw_cfg_name": "opt/com.coreos/config",
            "graphics": [
              {
                "autoport": true,
                "listen_address": "127.0.0.1",
                "listen_type": "none",
                "type": "spice",
                "websocket": 0
              }
            ],
            "id": "e9bbf774-d94b-4425-a61f-4af4f4b8b136",
            "initrd": "",
            "kernel": "",
            "machine": "pc",
            "memory": 1024,
            "metadata": null,
            "name": "fedora41-vm-2",
            "network_interface": [
              {
                "addresses": [],
                "bridge": "",
                "hostname": "",
                "mac": "52:54:00:4A:28:90",
                "macvtap": "",
                "network_id": "4aeba1f5-3228-4f0c-ab7f-807f8607889b",
                "network_name": "default",
                "passthrough": "",
                "vepa": "",
                "wait_for_lease": false
              }
            ],
            "nvram": [],
            "qemu_agent": false,
            "running": true,
            "timeouts": null,
            "tpm": [],
            "type": "kvm",
            "vcpu": 1,
            "video": [],
            "xml": []
          },
          "sensitive_attributes": [],
          "identity_schema_version": 0,
          "private": "eyJlMmJmYjczMC1lY2FhLTExZTYtOGY4OC0zNDM2M2JjN2M0YzAiOnsiY3JlYXRlIjozMDAwMDAwMDAwMDB9fQ==",
          "dependencies": [
            "libvirt_volume.base_volume",
            "module.fedora_vms.data.template_file.cloudinit",
            "module.fedora_vms.libvirt_cloudinit_disk.commoninit",
            "module.fedora_vms.libvirt_volume.vm_volumes"
          ]
        }
      ]
    },
    {
      "module": "module.fedora_vms",
      "mode": "managed",
      "type": "libvirt_volume",
      "name": "vm_volumes",
      "provider": "provider[\"registry.terraform.io/dmacvicar/libvirt\"]",
      "instances": [
        {
          "index_key": 0,
          "schema_version": 0,
          "attributes": {
            "base_volume_id": "/var/lib/libvirt/images/fedora41-base",
            "base_volume_name": null,
            "base_volume_pool": null,
            "format": "qcow2",
            "id": "/var/lib/libvirt/images/fedora41-vm-volume-0",
            "name": "fedora41-vm-volume-0",
            "pool": "default",
            "size": 5368709120,
            "source": null,
            "xml": []
          },
          "sensitive_attributes": [],
          "identity_schema_version": 0,
          "private": "bnVsbA==",
          "dependencies": [
            "libvirt_volume.base_volume"
          ]
        },
        {
          "index_key": 1,
          "schema_version": 0,
          "attributes": {
            "base_volume_id": "/var/lib/libvirt/images/fedora41-base",
            "base_volume_name": null,
            "base_volume_pool": null,
            "format": "qcow2",
            "id": "/var/lib/libvirt/images/fedora41-vm-volume-1",
            "name": "fedora41-vm-volume-1",
            "pool": "default",
            "size": 5368709120,
            "source": null,
            "xml": []
          },
          "sensitive_attributes": [],
          "identity_schema_version": 0,
          "private": "bnVsbA==",
          "dependencies": [
            "libvirt_volume.base_volume"
          ]
        },
        {
          "index_key": 2,
          "schema_version": 0,
          "attributes": {
            "base_volume_id": "/var/lib/libvirt/images/fedora41-base",
            "base_volume_name": null,
            "base_volume_pool": null,
            "format": "qcow2",
            "id": "/var/lib/libvirt/images/fedora41-vm-volume-2",
            "name": "fedora41-vm-volume-2",
            "pool": "default",
            "size": 5368709120,
            "source": null,
            "xml": []
          },
          "sensitive_attributes": [],
          "identity_schema_version": 0,
          "private": "bnVsbA==",
          "dependencies": [
            "libvirt_volume.base_volume"
          ]
        }
      ]
    },
    {
      "module": "module.haproxy_vm",
      "mode": "data",
      "type": "template_file",
      "name": "cloudinit",
      "provider": "provider[\"registry.terraform.io/hashicorp/template\"]",
      "instances": [
        {
          "schema_version": 0,
          "attributes": {
            "filename": null,
            "id": "a701aa782a2040bff16acefba50e48570ebc3eb68a3264a9816c528cced7cf68",
            "rendered": "#cloud-config\nhostname: haproxy-vm\nusers:\n  - name: ahmetsoner\n    sudo: ALL=(ALL) NOPASSWD:ALL\n    groups: wheel\n    shell: /bin/bash\n    ssh_authorized_keys:\n      - ssh-rsa AAAAB3NzaC1yc2EAAAADAQABAAACAQCNjUXz9KAQE7TAZ+jUcw7490QkXQqtpcn6l0+FYonCAwyBI3FluNnoupyyoBpS32P7DLFvP/p6xzxLB7sUAObU0FmCIazAzJnpjlqHu/dnen3DziLC/JZP7FJSzRYRuvE3for/Zg0SUgo81V8QSrBiS0AbhQFDWP5V04qrbaO2CMmkEOXML1zJ9cM0+fDdEVNU5qIGNj6uKC7nelTpDHUu4UocCeINxeoEfcK8JSZrsV587P0muFiooD50n6ymL61k/znSZ+0+AYVXrDjmWMpWiiKbkJNB9wtQLA/OeSrJITVHI4h9EPkRNUqhFkZy3+5aOMXx9WO0ISWWfZcZya0dKPawaeTsJyLvdCEX3pHc7e5PqdTpdAh7zHiPjIWZPti65dmQ0bz87UEwj7bibYmx5/v6k+9xCa0WbZWkl15IFK5KP2mxFYqG/O3cB3Q9TiFkh83qdXLnXDYYNOBnNadrIo10kJmFqYoZ28EWDKi7J9N9JZaAsSWUU7Ckw9gRZu2W4YOlEkh2tM/Ma/32FNHsaFY8+BOFkhYdXt4DOJowal6kdVLwLHSqLAUTN2UoSFzUjA96bIvnDi0Wlrw5KN8b5nzBWf+cdVzX9cH0lBUAe38lnUcfpYcMUE120MwxibeGjqGgArDuHzRhK8XhtpCT+1wzx1pOX7EHFNna/HZj7w== your_email@example.com\n\n\nwrite_files:\n  - path: /etc/netplan/01-netcfg.yaml\n    content: |\n      network:\n        version: 2\n        ethernets:\n          eth0:\n            addresses:\n              - 192.168.124.100/24\n            gateway4: 192.168.124.1\n            nameservers:\n              addresses: [8.8.8.8, 1.1.1.1]\nruncmd:\n  - netplan apply\n",
            "template": "#cloud-config\nhostname: ${hostname}\nusers:\n  - name: ${username}\n    sudo: ALL=(ALL) NOPASSWD:ALL\n    groups: wheel\n    shell: /bin/bash\n    ssh_authorized_keys:\n      - ${ssh_authorized_key}\n\nwrite_files:\n  - path: /etc/netplan/01-netcfg.yaml\n    content: |\n      network:\n        version: 2\n        ethernets:\n          eth0:\n            addresses:\n              - 192.168.124.100/24\n            gateway4: 192.168.124.1\n            nameservers:\n              addresses: [8.8.8.8, 1.1.1.1]\nruncmd:\n  - netplan apply\n",
            "vars": {
              "hostname": "haproxy-vm",
              "ssh_authorized_key": "ssh-rsa AAAAB3NzaC1yc2EAAAADAQABAAACAQCNjUXz9KAQE7TAZ+jUcw7490QkXQqtpcn6l0+FYonCAwyBI3FluNnoupyyoBpS32P7DLFvP/p6xzxLB7sUAObU0FmCIazAzJnpjlqHu/dnen3DziLC/JZP7FJSzRYRuvE3for/Zg0SUgo81V8QSrBiS0AbhQFDWP5V04qrbaO2CMmkEOXML1zJ9cM0+fDdEVNU5qIGNj6uKC7nelTpDHUu4UocCeINxeoEfcK8JSZrsV587P0muFiooD50n6ymL61k/znSZ+0+AYVXrDjmWMpWiiKbkJNB9wtQLA/OeSrJITVHI4h9EPkRNUqhFkZy3+5aOMXx9WO0ISWWfZcZya0dKPawaeTsJyLvdCEX3pHc7e5PqdTpdAh7zHiPjIWZPti65dmQ0bz87UEwj7bibYmx5/v6k+9xCa0WbZWkl15IFK5KP2mxFYqG/O3cB3Q9TiFkh83qdXLnXDYYNOBnNadrIo10kJmFqYoZ28EWDKi7J9N9JZaAsSWUU7Ckw9gRZu2W4YOlEkh2tM/Ma/32FNHsaFY8+BOFkhYdXt4DOJowal6kdVLwLHSqLAUTN2UoSFzUjA96bIvnDi0Wlrw5KN8b5nzBWf+cdVzX9cH0lBUAe38lnUcfpYcMUE120MwxibeGjqGgArDuHzRhK8XhtpCT+1wzx1pOX7EHFNna/HZj7w== your_email@example.com\n",
              "username": "ahmetsoner"
            }
          },
          "sensitive_attributes": [],
          "identity_schema_version": 0
        }
      ]
    },
    {
      "module": "module.haproxy_vm",
      "mode": "managed",
      "type": "libvirt_cloudinit_disk",
      "name": "commoninit",
      "provider": "provider[\"registry.terraform.io/dmacvicar/libvirt\"]",
      "instances": [
        {
          "schema_version": 0,
          "attributes": {
            "id": "/var/lib/libvirt/images/commoninit1.iso;f1d931e9-261e-4825-bf08-907e6b6d9c27",
            "meta_data": "",
            "name": "commoninit1.iso",
            "network_config": "",
            "pool": "default",
            "user_data": "#cloud-config\nhostname: haproxy-vm\nusers:\n  - name: ahmetsoner\n    sudo: ALL=(ALL) NOPASSWD:ALL\n    groups: wheel\n    shell: /bin/bash\n    ssh_authorized_keys:\n      - ssh-rsa AAAAB3NzaC1yc2EAAAADAQABAAACAQCNjUXz9KAQE7TAZ+jUcw7490QkXQqtpcn6l0+FYonCAwyBI3FluNnoupyyoBpS32P7DLFvP/p6xzxLB7sUAObU0FmCIazAzJnpjlqHu/dnen3DziLC/JZP7FJSzRYRuvE3for/Zg0SUgo81V8QSrBiS0AbhQFDWP5V04qrbaO2CMmkEOXML1zJ9cM0+fDdEVNU5qIGNj6uKC7nelTpDHUu4UocCeINxeoEfcK8JSZrsV587P0muFiooD50n6ymL61k/znSZ+0+AYVXrDjmWMpWiiKbkJNB9wtQLA/OeSrJITVHI4h9EPkRNUqhFkZy3+5aOMXx9WO0ISWWfZcZya0dKPawaeTsJyLvdCEX3pHc7e5PqdTpdAh7zHiPjIWZPti65dmQ0bz87UEwj7bibYmx5/v6k+9xCa0WbZWkl15IFK5KP2mxFYqG/O3cB3Q9TiFkh83qdXLnXDYYNOBnNadrIo10kJmFqYoZ28EWDKi7J9N9JZaAsSWUU7Ckw9gRZu2W4YOlEkh2tM/Ma/32FNHsaFY8+BOFkhYdXt4DOJowal6kdVLwLHSqLAUTN2UoSFzUjA96bIvnDi0Wlrw5KN8b5nzBWf+cdVzX9cH0lBUAe38lnUcfpYcMUE120MwxibeGjqGgArDuHzRhK8XhtpCT+1wzx1pOX7EHFNna/HZj7w== your_email@example.com\n\n\nwrite_files:\n  - path: /etc/netplan/01-netcfg.yaml\n    content: |\n      network:\n        version: 2\n        ethernets:\n          eth0:\n            addresses:\n              - 192.168.124.100/24\n            gateway4: 192.168.124.1\n            nameservers:\n              addresses: [8.8.8.8, 1.1.1.1]\nruncmd:\n  - netplan apply\n"
          },
          "sensitive_attributes": [],
          "identity_schema_version": 0,
          "private": "bnVsbA==",
          "dependencies": [
            "module.haproxy_vm.data.template_file.cloudinit"
          ]
        }
      ]
    },
    {
      "module": "module.haproxy_vm",
      "mode": "managed",
      "type": "libvirt_domain",
      "name": "haproxy_vm",
      "provider": "provider[\"registry.terraform.io/dmacvicar/libvirt\"]",
      "instances": [
        {
          "schema_version": 0,
          "attributes": {
            "arch": "x86_64",
            "autostart": false,
            "boot_device": [
              {
                "dev": [
                  "hd"
                ]
              }
            ],
            "cloudinit": "/var/lib/libvirt/images/commoninit1.iso;f1d931e9-261e-4825-bf08-907e6b6d9c27",
            "cmdline": null,
            "console": [
              {
                "source_host": "127.0.0.1",
                "source_path": "",
                "source_service": "0",
                "target_port": "0",
                "target_type": "serial",
                "type": "pty"
              }
            ],
            "coreos_ignition": null,
            "cpu": [
              {
                "mode": "custom"
              }
            ],
            "description": "",
            "disk": [
              {
                "block_device": "",
                "file": "",
                "scsi": false,
                "url": "",
                "volume_id": "/var/lib/libvirt/images/haproxy-vm-volume",
                "wwn": ""
              }
            ],
            "emulator": "/usr/bin/qemu-system-x86_64",
            "filesystem": [],
            "firmware": null,
            "fw_cfg_name": "opt/com.coreos/config",
            "graphics": [
              {
                "autoport": true,
                "listen_address": "127.0.0.1",
                "listen_type": "none",
                "type": "spice",
                "websocket": 0
              }
            ],
            "id": "877fabb4-cfc2-44ea-b608-f7e0726a084f",
            "initrd": "",
            "kernel": "",
            "machine": "pc",
            "memory": 1024,
            "metadata": null,
            "name": "haproxy-vm",
            "network_interface": [
              {
                "addresses": [],
                "bridge": "",
                "hostname": "",
                "mac": "52:54:00:FA:42:8F",
                "macvtap": "",
                "network_id": "4aeba1f5-3228-4f0c-ab7f-807f8607889b",
                "network_name": "default",
                "passthrough": "",
                "vepa": "",
                "wait_for_lease": false
              }
            ],
            "nvram": [],
            "qemu_agent": false,
            "running": true,
            "timeouts": null,
            "tpm": [],
            "type": "kvm",
            "vcpu": 1,
            "video": [],
            "xml": []
          },
          "sensitive_attributes": [],
          "identity_schema_version": 0,
          "private": "eyJlMmJmYjczMC1lY2FhLTExZTYtOGY4OC0zNDM2M2JjN2M0YzAiOnsiY3JlYXRlIjozMDAwMDAwMDAwMDB9fQ==",
          "dependencies": [
            "libvirt_volume.base_volume",
            "module.haproxy_vm.data.template_file.cloudinit",
            "module.haproxy_vm.libvirt_cloudinit_disk.commoninit",
            "module.haproxy_vm.libvirt_volume.haproxy_volume"
          ]
        }
      ]
    },
    {
      "module": "module.haproxy_vm",
      "mode": "managed",
      "type": "libvirt_volume",
      "name": "haproxy_volume",
      "provider": "provider[\"registry.terraform.io/dmacvicar/libvirt\"]",
      "instances": [
        {
          "schema_version": 0,
          "attributes": {
            "base_volume_id": "/var/lib/libvirt/images/fedora41-base",
            "base_volume_name": null,
            "base_volume_pool": null,
            "format": "qcow2",
            "id": "/var/lib/libvirt/images/haproxy-vm-volume",
            "name": "haproxy-vm-volume",
            "pool": "default",
            "size": 5368709120,
            "source": null,
            "xml": []
          },
          "sensitive_attributes": [],
          "identity_schema_version": 0,
          "private": "bnVsbA==",
          "dependencies": [
            "libvirt_volume.base_volume"
          ]
        }
      ]
    }
  ],
  "check_results": null
}
